// !$*UTF8*$!
{
	archiveVersion = 1;
	classes = {
	};
	objectVersion = 46;
	objects = {

/* Begin PBXBuildFile section */
		1736F710159CC7F000F469B1 /* crate.jpg in Resources */ = {isa = PBXBuildFile; fileRef = 1736F70F159CC7F000F469B1 /* crate.jpg */; };
		1736F712159CC82F00F469B1 /* FlamingoApp.cpp in Sources */ = {isa = PBXBuildFile; fileRef = 1736F711159CC82F00F469B1 /* FlamingoApp.cpp */; };
		176527D0159A067600303624 /* libflamingo.a in Frameworks */ = {isa = PBXBuildFile; fileRef = 176527CF159A067600303624 /* libflamingo.a */; };
		176527D1159A069100303624 /* libflamingo.a in Resources */ = {isa = PBXBuildFile; fileRef = 176527CF159A067600303624 /* libflamingo.a */; };
		A93AE2311597C58F002F1FE4 /* Cocoa.framework in Frameworks */ = {isa = PBXBuildFile; fileRef = A93AE2301597C58F002F1FE4 /* Cocoa.framework */; };
		A93AE23B1597C58F002F1FE4 /* InfoPlist.strings in Resources */ = {isa = PBXBuildFile; fileRef = A93AE2391597C58F002F1FE4 /* InfoPlist.strings */; };
		A93AE24E1597C5C7002F1FE4 /* main.cpp in Sources */ = {isa = PBXBuildFile; fileRef = A93AE24D1597C5C7002F1FE4 /* main.cpp */; };
		A93AE2501597C61E002F1FE4 /* OpenGL.framework in Frameworks */ = {isa = PBXBuildFile; fileRef = A93AE24F1597C61E002F1FE4 /* OpenGL.framework */; };
		A9D7CBF1159E23FE004434EC /* libIL.1.dylib in Frameworks */ = {isa = PBXBuildFile; fileRef = A9D7CBF0159E23FD004434EC /* libIL.1.dylib */; };
		A9D7CBF3159E2427004434EC /* libphysfs.2.1.0.dylib in Frameworks */ = {isa = PBXBuildFile; fileRef = A9D7CBF2159E2427004434EC /* libphysfs.2.1.0.dylib */; };
		A9D7CBF6159E2451004434EC /* libSDL-1.2.0.dylib in Frameworks */ = {isa = PBXBuildFile; fileRef = A9D7CBF4159E2451004434EC /* libSDL-1.2.0.dylib */; };
		A9D7CBF7159E2451004434EC /* libSDLmain.a in Frameworks */ = {isa = PBXBuildFile; fileRef = A9D7CBF5159E2451004434EC /* libSDLmain.a */; };
/* End PBXBuildFile section */

/* Begin PBXFileReference section */
		1736F70F159CC7F000F469B1 /* crate.jpg */ = {isa = PBXFileReference; lastKnownFileType = image.jpeg; path = crate.jpg; sourceTree = "<group>"; };
		1736F711159CC82F00F469B1 /* FlamingoApp.cpp */ = {isa = PBXFileReference; fileEncoding = 4; lastKnownFileType = sourcecode.cpp.cpp; path = FlamingoApp.cpp; sourceTree = "<group>"; };
		1736F713159CC86500F469B1 /* FlamingoApp.h */ = {isa = PBXFileReference; fileEncoding = 4; lastKnownFileType = sourcecode.c.h; path = FlamingoApp.h; sourceTree = "<group>"; };
		176527CF159A067600303624 /* libflamingo.a */ = {isa = PBXFileReference; lastKnownFileType = archive.ar; name = libflamingo.a; path = ../../lib/libflamingo.a; sourceTree = "<group>"; };
		A93AE22C1597C58F002F1FE4 /* FlamingoApp.app */ = {isa = PBXFileReference; explicitFileType = wrapper.application; includeInIndex = 0; path = FlamingoApp.app; sourceTree = BUILT_PRODUCTS_DIR; };
		A93AE2301597C58F002F1FE4 /* Cocoa.framework */ = {isa = PBXFileReference; lastKnownFileType = wrapper.framework; name = Cocoa.framework; path = System/Library/Frameworks/Cocoa.framework; sourceTree = SDKROOT; };
		A93AE2331597C58F002F1FE4 /* AppKit.framework */ = {isa = PBXFileReference; lastKnownFileType = wrapper.framework; name = AppKit.framework; path = System/Library/Frameworks/AppKit.framework; sourceTree = SDKROOT; };
		A93AE2341597C58F002F1FE4 /* CoreData.framework */ = {isa = PBXFileReference; lastKnownFileType = wrapper.framework; name = CoreData.framework; path = System/Library/Frameworks/CoreData.framework; sourceTree = SDKROOT; };
		A93AE2351597C58F002F1FE4 /* Foundation.framework */ = {isa = PBXFileReference; lastKnownFileType = wrapper.framework; name = Foundation.framework; path = System/Library/Frameworks/Foundation.framework; sourceTree = SDKROOT; };
		A93AE2381597C58F002F1FE4 /* FlamingoApp-Info.plist */ = {isa = PBXFileReference; lastKnownFileType = text.plist.xml; path = "FlamingoApp-Info.plist"; sourceTree = "<group>"; };
		A93AE23A1597C58F002F1FE4 /* en */ = {isa = PBXFileReference; lastKnownFileType = text.plist.strings; name = en; path = en.lproj/InfoPlist.strings; sourceTree = "<group>"; };
		A93AE23E1597C58F002F1FE4 /* FlamingoApp-Prefix.pch */ = {isa = PBXFileReference; lastKnownFileType = sourcecode.c.h; path = "FlamingoApp-Prefix.pch"; sourceTree = "<group>"; };
		A93AE24D1597C5C7002F1FE4 /* main.cpp */ = {isa = PBXFileReference; fileEncoding = 4; lastKnownFileType = sourcecode.cpp.cpp; path = main.cpp; sourceTree = "<group>"; };
		A93AE24F1597C61E002F1FE4 /* OpenGL.framework */ = {isa = PBXFileReference; lastKnownFileType = wrapper.framework; name = OpenGL.framework; path = System/Library/Frameworks/OpenGL.framework; sourceTree = SDKROOT; };
		A9D7CBF0159E23FD004434EC /* libIL.1.dylib */ = {isa = PBXFileReference; lastKnownFileType = "compiled.mach-o.dylib"; name = libIL.1.dylib; path = /usr/local/Cellar/devil/1.7.8/lib/libIL.1.dylib; sourceTree = "<absolute>"; };
		A9D7CBF2159E2427004434EC /* libphysfs.2.1.0.dylib */ = {isa = PBXFileReference; lastKnownFileType = "compiled.mach-o.dylib"; name = libphysfs.2.1.0.dylib; path = /usr/local/lib/libphysfs.2.1.0.dylib; sourceTree = "<absolute>"; };
		A9D7CBF4159E2451004434EC /* libSDL-1.2.0.dylib */ = {isa = PBXFileReference; lastKnownFileType = "compiled.mach-o.dylib"; name = "libSDL-1.2.0.dylib"; path = "/usr/local/Cellar/sdl/1.2.15/lib/libSDL-1.2.0.dylib"; sourceTree = "<absolute>"; };
		A9D7CBF5159E2451004434EC /* libSDLmain.a */ = {isa = PBXFileReference; lastKnownFileType = archive.ar; name = libSDLmain.a; path = /usr/local/Cellar/sdl/1.2.15/lib/libSDLmain.a; sourceTree = "<absolute>"; };
/* End PBXFileReference section */

/* Begin PBXFrameworksBuildPhase section */
		A93AE2291597C58F002F1FE4 /* Frameworks */ = {
			isa = PBXFrameworksBuildPhase;
			buildActionMask = 2147483647;
			files = (
				A9D7CBF6159E2451004434EC /* libSDL-1.2.0.dylib in Frameworks */,
				A9D7CBF7159E2451004434EC /* libSDLmain.a in Frameworks */,
				A9D7CBF3159E2427004434EC /* libphysfs.2.1.0.dylib in Frameworks */,
				A9D7CBF1159E23FE004434EC /* libIL.1.dylib in Frameworks */,
				176527D0159A067600303624 /* libflamingo.a in Frameworks */,
				A93AE2311597C58F002F1FE4 /* Cocoa.framework in Frameworks */,
				A93AE2501597C61E002F1FE4 /* OpenGL.framework in Frameworks */,
			);
			runOnlyForDeploymentPostprocessing = 0;
		};
/* End PBXFrameworksBuildPhase section */

/* Begin PBXGroup section */
		1736F70E159CC7D000F469B1 /* Resources */ = {
			isa = PBXGroup;
			children = (
				1736F70F159CC7F000F469B1 /* crate.jpg */,
			);
			name = Resources;
			sourceTree = "<group>";
		};
		A93AE2211597C58F002F1FE4 = {
			isa = PBXGroup;
			children = (
				A93AE2361597C58F002F1FE4 /* FlamingoApp */,
				A93AE22F1597C58F002F1FE4 /* Frameworks */,
				A93AE22D1597C58F002F1FE4 /* Products */,
			);
			sourceTree = "<group>";
		};
		A93AE22D1597C58F002F1FE4 /* Products */ = {
			isa = PBXGroup;
			children = (
				A93AE22C1597C58F002F1FE4 /* FlamingoApp.app */,
			);
			name = Products;
			sourceTree = "<group>";
		};
		A93AE22F1597C58F002F1FE4 /* Frameworks */ = {
			isa = PBXGroup;
			children = (
				A9D7CBF4159E2451004434EC /* libSDL-1.2.0.dylib */,
				A9D7CBF5159E2451004434EC /* libSDLmain.a */,
				A9D7CBF2159E2427004434EC /* libphysfs.2.1.0.dylib */,
				A9D7CBF0159E23FD004434EC /* libIL.1.dylib */,
				176527CF159A067600303624 /* libflamingo.a */,
				A93AE2301597C58F002F1FE4 /* Cocoa.framework */,
				A93AE24F1597C61E002F1FE4 /* OpenGL.framework */,
				A93AE2321597C58F002F1FE4 /* Other Frameworks */,
			);
			name = Frameworks;
			sourceTree = "<group>";
		};
		A93AE2321597C58F002F1FE4 /* Other Frameworks */ = {
			isa = PBXGroup;
			children = (
				A93AE2331597C58F002F1FE4 /* AppKit.framework */,
				A93AE2341597C58F002F1FE4 /* CoreData.framework */,
				A93AE2351597C58F002F1FE4 /* Foundation.framework */,
			);
			name = "Other Frameworks";
			sourceTree = "<group>";
		};
		A93AE2361597C58F002F1FE4 /* FlamingoApp */ = {
			isa = PBXGroup;
			children = (
				A93AE24D1597C5C7002F1FE4 /* main.cpp */,
				1736F713159CC86500F469B1 /* FlamingoApp.h */,
				1736F711159CC82F00F469B1 /* FlamingoApp.cpp */,
				1736F70E159CC7D000F469B1 /* Resources */,
				A93AE2371597C58F002F1FE4 /* Supporting Files */,
			);
			path = FlamingoApp;
			sourceTree = "<group>";
		};
		A93AE2371597C58F002F1FE4 /* Supporting Files */ = {
			isa = PBXGroup;
			children = (
				A93AE2381597C58F002F1FE4 /* FlamingoApp-Info.plist */,
				A93AE2391597C58F002F1FE4 /* InfoPlist.strings */,
				A93AE23E1597C58F002F1FE4 /* FlamingoApp-Prefix.pch */,
			);
			name = "Supporting Files";
			sourceTree = "<group>";
		};
/* End PBXGroup section */

/* Begin PBXNativeTarget section */
		A93AE22B1597C58F002F1FE4 /* FlamingoApp */ = {
			isa = PBXNativeTarget;
			buildConfigurationList = A93AE24A1597C590002F1FE4 /* Build configuration list for PBXNativeTarget "FlamingoApp" */;
			buildPhases = (
				A93AE2281597C58F002F1FE4 /* Sources */,
				A93AE2291597C58F002F1FE4 /* Frameworks */,
				A93AE22A1597C58F002F1FE4 /* Resources */,
			);
			buildRules = (
			);
			dependencies = (
			);
			name = FlamingoApp;
			productName = FlamingoApp;
			productReference = A93AE22C1597C58F002F1FE4 /* FlamingoApp.app */;
			productType = "com.apple.product-type.application";
		};
/* End PBXNativeTarget section */

/* Begin PBXProject section */
		A93AE2231597C58F002F1FE4 /* Project object */ = {
			isa = PBXProject;
			attributes = {
				LastUpgradeCheck = 0430;
			};
			buildConfigurationList = A93AE2261597C58F002F1FE4 /* Build configuration list for PBXProject "FlamingoApp" */;
			compatibilityVersion = "Xcode 3.2";
			developmentRegion = English;
			hasScannedForEncodings = 0;
			knownRegions = (
				en,
			);
			mainGroup = A93AE2211597C58F002F1FE4;
			productRefGroup = A93AE22D1597C58F002F1FE4 /* Products */;
			projectDirPath = "";
			projectRoot = "";
			targets = (
				A93AE22B1597C58F002F1FE4 /* FlamingoApp */,
			);
		};
/* End PBXProject section */

/* Begin PBXResourcesBuildPhase section */
		A93AE22A1597C58F002F1FE4 /* Resources */ = {
			isa = PBXResourcesBuildPhase;
			buildActionMask = 2147483647;
			files = (
				176527D1159A069100303624 /* libflamingo.a in Resources */,
				A93AE23B1597C58F002F1FE4 /* InfoPlist.strings in Resources */,
				1736F710159CC7F000F469B1 /* crate.jpg in Resources */,
			);
			runOnlyForDeploymentPostprocessing = 0;
		};
/* End PBXResourcesBuildPhase section */

/* Begin PBXSourcesBuildPhase section */
		A93AE2281597C58F002F1FE4 /* Sources */ = {
			isa = PBXSourcesBuildPhase;
			buildActionMask = 2147483647;
			files = (
				A93AE24E1597C5C7002F1FE4 /* main.cpp in Sources */,
				1736F712159CC82F00F469B1 /* FlamingoApp.cpp in Sources */,
			);
			runOnlyForDeploymentPostprocessing = 0;
		};
/* End PBXSourcesBuildPhase section */

/* Begin PBXVariantGroup section */
		A93AE2391597C58F002F1FE4 /* InfoPlist.strings */ = {
			isa = PBXVariantGroup;
			children = (
				A93AE23A1597C58F002F1FE4 /* en */,
			);
			name = InfoPlist.strings;
			sourceTree = "<group>";
		};
/* End PBXVariantGroup section */

/* Begin XCBuildConfiguration section */
		A93AE2481597C590002F1FE4 /* Debug */ = {
			isa = XCBuildConfiguration;
			buildSettings = {
				ALWAYS_SEARCH_USER_PATHS = NO;
				ARCHS = "$(ARCHS_STANDARD_64_BIT)";
				COPY_PHASE_STRIP = NO;
				GCC_C_LANGUAGE_STANDARD = gnu99;
				GCC_DYNAMIC_NO_PIC = NO;
				GCC_ENABLE_OBJC_EXCEPTIONS = YES;
				GCC_OPTIMIZATION_LEVEL = 0;
				GCC_PREPROCESSOR_DEFINITIONS = (
					"DEBUG=1",
					"$(inherited)",
				);
				GCC_SYMBOLS_PRIVATE_EXTERN = NO;
				GCC_VERSION = com.apple.compilers.llvm.clang.1_0;
				GCC_WARN_64_TO_32_BIT_CONVERSION = YES;
				GCC_WARN_ABOUT_RETURN_TYPE = YES;
				GCC_WARN_UNINITIALIZED_AUTOS = YES;
				GCC_WARN_UNUSED_VARIABLE = YES;
				HEADER_SEARCH_PATHS = (
					"../../include/**",
					/usr/local/include,
				);
				MACOSX_DEPLOYMENT_TARGET = 10.7;
				ONLY_ACTIVE_ARCH = YES;
				SDKROOT = macosx;
			};
			name = Debug;
		};
		A93AE2491597C590002F1FE4 /* Release */ = {
			isa = XCBuildConfiguration;
			buildSettings = {
				ALWAYS_SEARCH_USER_PATHS = NO;
				ARCHS = "$(ARCHS_STANDARD_64_BIT)";
				COPY_PHASE_STRIP = YES;
				DEBUG_INFORMATION_FORMAT = "dwarf-with-dsym";
				GCC_C_LANGUAGE_STANDARD = gnu99;
				GCC_ENABLE_OBJC_EXCEPTIONS = YES;
				GCC_VERSION = com.apple.compilers.llvm.clang.1_0;
				GCC_WARN_64_TO_32_BIT_CONVERSION = YES;
				GCC_WARN_ABOUT_RETURN_TYPE = YES;
				GCC_WARN_UNINITIALIZED_AUTOS = YES;
				GCC_WARN_UNUSED_VARIABLE = YES;
				HEADER_SEARCH_PATHS = (
					"../../include/**",
					/usr/local/include,
				);
				MACOSX_DEPLOYMENT_TARGET = 10.7;
				SDKROOT = macosx;
			};
			name = Release;
		};
		A93AE24B1597C590002F1FE4 /* Debug */ = {
			isa = XCBuildConfiguration;
			buildSettings = {
				FRAMEWORK_SEARCH_PATHS = "$(inherited)";
				GCC_PRECOMPILE_PREFIX_HEADER = YES;
				GCC_PREFIX_HEADER = "FlamingoApp/FlamingoApp-Prefix.pch";
				INFOPLIST_FILE = "FlamingoApp/FlamingoApp-Info.plist";
				LIBRARY_SEARCH_PATHS = (
					"$(inherited)",
					"\"$(SRCROOT)/../../lib\"",
					"\"$(SRCROOT)/FlamingoApp/lib\"",
					/usr/local/lib,
					/usr/local/Cellar/devil/1.7.8/lib,
					/usr/local/Cellar/sdl/1.2.15/lib,
				);
				MACOSX_DEPLOYMENT_TARGET = 10.6;
				PRODUCT_NAME = "$(TARGET_NAME)";
				WRAPPER_EXTENSION = app;
			};
			name = Debug;
		};
		A93AE24C1597C590002F1FE4 /* Release */ = {
			isa = XCBuildConfiguration;
			buildSettings = {
				FRAMEWORK_SEARCH_PATHS = "$(inherited)";
				GCC_PRECOMPILE_PREFIX_HEADER = YES;
				GCC_PREFIX_HEADER = "FlamingoApp/FlamingoApp-Prefix.pch";
				INFOPLIST_FILE = "FlamingoApp/FlamingoApp-Info.plist";
				LIBRARY_SEARCH_PATHS = (
					"$(inherited)",
					"\"$(SRCROOT)/../../lib\"",
					"\"$(SRCROOT)/FlamingoApp/lib\"",
					/usr/local/lib,
					/usr/local/Cellar/devil/1.7.8/lib,
					/usr/local/Cellar/sdl/1.2.15/lib,
				);
				MACOSX_DEPLOYMENT_TARGET = 10.6;
				PRODUCT_NAME = "$(TARGET_NAME)";
				WRAPPER_EXTENSION = app;
			};
			name = Release;
		};
/* End XCBuildConfiguration section */

/* Begin XCConfigurationList section */
		A93AE2261597C58F002F1FE4 /* Build configuration list for PBXProject "FlamingoApp" */ = {
			isa = XCConfigurationList;
			buildConfigurations = (
				A93AE2481597C590002F1FE4 /* Debug */,
				A93AE2491597C590002F1FE4 /* Release */,
			);
			defaultConfigurationIsVisible = 0;
			defaultConfigurationName = Release;
		};
		A93AE24A1597C590002F1FE4 /* Build configuration list for PBXNativeTarget "FlamingoApp" */ = {
			isa = XCConfigurationList;
			buildConfigurations = (
				A93AE24B1597C590002F1FE4 /* Debug */,
				A93AE24C1597C590002F1FE4 /* Release */,
			);
			defaultConfigurationIsVisible = 0;
			defaultConfigurationName = Release;
		};
/* End XCConfigurationList section */
	};
	rootObject = A93AE2231597C58F002F1FE4 /* Project object */;
}
